
Microsoft Visual Studio Solution File, Format Version 12.00
# Visual Studio 2013
VisualStudioVersion = 12.0.21005.1
MinimumVisualStudioVersion = 10.0.40219.1
Project("{8BC9CEB8-8B4A-11D0-8D11-00A0C91BC942}") = "libqeg", "libqeg\libqeg.vcxproj", "{33671ADD-1739-4565-A10F-CF9E88F529DD}"
EndProject
Project("{8BC9CEB8-8B4A-11D0-8D11-00A0C91BC942}") = "qegtest", "qegtest\qegtest.vcxproj", "{847257C4-A03E-4003-BC09-336811CD02F9}"
EndProject
Global
	GlobalSection(SolutionConfigurationPlatforms) = preSolution
		Debug|Win32 = Debug|Win32
		Release|Win32 = Release|Win32
	EndGlobalSection
	GlobalSection(ProjectConfigurationPlatforms) = postSolution
		{33671ADD-1739-4565-A10F-CF9E88F529DD}.Debug|Win32.ActiveCfg = Debug|Win32
		{33671ADD-1739-4565-A10F-CF9E88F529DD}.Debug|Win32.Build.0 = Debug|Win32
		{33671ADD-1739-4565-A10F-CF9E88F529DD}.Release|Win32.ActiveCfg = Release|Win32
		{33671ADD-1739-4565-A10F-CF9E88F529DD}.Release|Win32.Build.0 = Release|Win32
		{847257C4-A03E-4003-BC09-336811CD02F9}.Debug|Win32.ActiveCfg = Debug|Win32
		{847257C4-A03E-4003-BC09-336811CD02F9}.Debug|Win32.Build.0 = Debug|Win32
		{847257C4-A03E-4003-BC09-336811CD02F9}.Release|Win32.ActiveCfg = Release|Win32
		{847257C4-A03E-4003-BC09-336811CD02F9}.Release|Win32.Build.0 = Release|Win32
	EndGlobalSection
	GlobalSection(SolutionProperties) = preSolution
		HideSolutionNode = FALSE
	EndGlobalSection
EndGlobal
