<?xml version="1.0" encoding="utf-8"?>
<Project ToolsVersion="4.0" xmlns="http://schemas.microsoft.com/developer/msbuild/2003">
  <ItemGroup>
    <Filter Include="Source Files">
      <UniqueIdentifier>{4FC737F1-C7A5-4376-A066-2A32D752A2FF}</UniqueIdentifier>
      <Extensions>cpp;c;cc;cxx;def;odl;idl;hpj;bat;asm;asmx</Extensions>
    </Filter>
    <Filter Include="Header Files">
      <UniqueIdentifier>{93995380-89BD-4b04-88EB-625FBE52EBFB}</UniqueIdentifier>
      <Extensions>h;hh;hpp;hxx;hm;inl;inc;xsd</Extensions>
    </Filter>
    <Filter Include="Resource Files">
      <UniqueIdentifier>{67DA6AB6-F800-4c08-8B7A-83BB121AAD01}</UniqueIdentifier>
      <Extensions>rc;ico;cur;bmp;dlg;rc2;rct;bin;rgs;gif;jpg;jpeg;jpe;resx;tiff;tif;png;wav;mfcribbon-ms</Extensions>
    </Filter>
  </ItemGroup>
  <ItemGroup>
    <ClInclude Include="inc\app.h">
      <Filter>Header Files</Filter>
    </ClInclude>
    <ClInclude Include="inc\aux_cameras.h" />
    <ClInclude Include="inc\basic_input.h" />
    <ClInclude Include="inc\bo_file.h" />
    <ClInclude Include="inc\camera.h" />
    <ClInclude Include="inc\cmmn.h" />
    <ClInclude Include="inc\constant_buffer.h" />
    <ClInclude Include="inc\dds_loader.h" />
    <ClInclude Include="inc\device.h" />
    <ClInclude Include="inc\dostream.h" />
    <ClInclude Include="inc\mesh.h" />
    <ClInclude Include="inc\render_texture2d.h" />
    <ClInclude Include="inc\resource.h" />
    <ClInclude Include="inc\shader.h" />
    <ClInclude Include="inc\states.h" />
    <ClInclude Include="inc\texture.h" />
    <ClInclude Include="inc\timer.h" />
    <ClInclude Include="inc\app.h">
      <Filter>Header Files</Filter>
    </ClInclude>
    <ClInclude Include="inc\aux_cameras.h" />
    <ClInclude Include="inc\basic_input.h" />
    <ClInclude Include="inc\bo_file.h" />
    <ClInclude Include="inc\camera.h" />
    <ClInclude Include="inc\cmmn.h" />
    <ClInclude Include="inc\constant_buffer.h" />
    <ClInclude Include="inc\dds_loader.h" />
    <ClInclude Include="inc\device.h" />
    <ClInclude Include="inc\dostream.h" />
    <ClInclude Include="inc\mesh.h" />
    <ClInclude Include="inc\render_texture2d.h" />
    <ClInclude Include="inc\resource.h" />
    <ClInclude Include="inc\shader.h" />
    <ClInclude Include="inc\states.h" />
    <ClInclude Include="inc\texture.h" />
    <ClInclude Include="inc\timer.h" />
    <ClInclude Include="inc\app.h">
      <Filter>Header Files</Filter>
    </ClInclude>
    <ClInclude Include="inc\aux_cameras.h" />
    <ClInclude Include="inc\basic_input.h" />
    <ClInclude Include="inc\bo_file.h" />
    <ClInclude Include="inc\camera.h" />
    <ClInclude Include="inc\cmmn.h" />
    <ClInclude Include="inc\constant_buffer.h" />
    <ClInclude Include="inc\dds_loader.h" />
    <ClInclude Include="inc\device.h" />
    <ClInclude Include="inc\dostream.h" />
    <ClInclude Include="inc\mesh.h" />
    <ClInclude Include="inc\render_texture2d.h" />
    <ClInclude Include="inc\resource.h" />
    <ClInclude Include="inc\shader.h" />
    <ClInclude Include="inc\states.h" />
    <ClInclude Include="inc\texture.h" />
    <ClInclude Include="inc\timer.h" />
    <ClInclude Include="inc\app.h">
      <Filter>Header Files</Filter>
    </ClInclude>
    <ClInclude Include="inc\aux_cameras.h" />
    <ClInclude Include="inc\basic_input.h" />
    <ClInclude Include="inc\bo_file.h" />
    <ClInclude Include="inc\camera.h" />
    <ClInclude Include="inc\cmmn.h" />
    <ClInclude Include="inc\constant_buffer.h" />
    <ClInclude Include="inc\dds_loader.h" />
    <ClInclude Include="inc\device.h" />
    <ClInclude Include="inc\dostream.h" />
    <ClInclude Include="inc\mesh.h" />
    <ClInclude Include="inc\render_texture2d.h" />
    <ClInclude Include="inc\resource.h" />
    <ClInclude Include="inc\shader.h" />
    <ClInclude Include="inc\states.h" />
    <ClInclude Include="inc\texture.h" />
    <ClInclude Include="inc\timer.h" />
    <ClInclude Include="inc\app.h">
      <Filter>Header Files</Filter>
    </ClInclude>
    <ClInclude Include="inc\aux_cameras.h" />
    <ClInclude Include="inc\basic_input.h" />
    <ClInclude Include="inc\bo_file.h" />
    <ClInclude Include="inc\camera.h" />
    <ClInclude Include="inc\cmmn.h" />
    <ClInclude Include="inc\constant_buffer.h" />
    <ClInclude Include="inc\dds_loader.h" />
    <ClInclude Include="inc\device.h" />
    <ClInclude Include="inc\dostream.h" />
    <ClInclude Include="inc\mesh.h" />
    <ClInclude Include="inc\render_texture2d.h" />
    <ClInclude Include="inc\resource.h" />
    <ClInclude Include="inc\shader.h" />
    <ClInclude Include="inc\states.h" />
    <ClInclude Include="inc\texture.h" />
    <ClInclude Include="inc\timer.h" />
    <ClInclude Include="inc\app.h">
      <Filter>Header Files</Filter>
    </ClInclude>
    <ClInclude Include="inc\aux_cameras.h" />
    <ClInclude Include="inc\basic_input.h" />
    <ClInclude Include="inc\bo_file.h" />
    <ClInclude Include="inc\camera.h" />
    <ClInclude Include="inc\cmmn.h" />
    <ClInclude Include="inc\constant_buffer.h" />
    <ClInclude Include="inc\dds_loader.h" />
    <ClInclude Include="inc\device.h" />
    <ClInclude Include="inc\dostream.h" />
    <ClInclude Include="inc\mesh.h" />
    <ClInclude Include="inc\render_texture2d.h" />
    <ClInclude Include="inc\resource.h" />
    <ClInclude Include="inc\shader.h" />
    <ClInclude Include="inc\states.h" />
    <ClInclude Include="inc\texture.h" />
    <ClInclude Include="inc\timer.h" />
    <ClInclude Include="inc\app.h">
      <Filter>Header Files</Filter>
    </ClInclude>
    <ClInclude Include="inc\aux_cameras.h" />
    <ClInclude Include="inc\basic_input.h" />
    <ClInclude Include="inc\bo_file.h" />
    <ClInclude Include="inc\camera.h" />
    <ClInclude Include="inc\cmmn.h" />
    <ClInclude Include="inc\constant_buffer.h" />
    <ClInclude Include="inc\dds_loader.h" />
    <ClInclude Include="inc\device.h" />
    <ClInclude Include="inc\dostream.h" />
    <ClInclude Include="inc\mesh.h" />
    <ClInclude Include="inc\render_texture2d.h" />
    <ClInclude Include="inc\resource.h" />
    <ClInclude Include="inc\shader.h" />
    <ClInclude Include="inc\states.h" />
    <ClInclude Include="inc\texture.h" />
    <ClInclude Include="inc\timer.h" />
    <ClInclude Include="inc\app.h">
      <Filter>Header Files</Filter>
    </ClInclude>
    <ClInclude Include="inc\aux_cameras.h" />
    <ClInclude Include="inc\basic_input.h" />
    <ClInclude Include="inc\bo_file.h" />
    <ClInclude Include="inc\camera.h" />
    <ClInclude Include="inc\cmmn.h" />
    <ClInclude Include="inc\constant_buffer.h" />
    <ClInclude Include="inc\dds_loader.h" />
    <ClInclude Include="inc\device.h" />
    <ClInclude Include="inc\dostream.h" />
    <ClInclude Include="inc\mesh.h" />
    <ClInclude Include="inc\render_texture2d.h" />
    <ClInclude Include="inc\resource.h" />
    <ClInclude Include="inc\shader.h" />
    <ClInclude Include="inc\states.h" />
    <ClInclude Include="inc\texture.h" />
    <ClInclude Include="inc\timer.h" />
    <ClInclude Include="inc\app.h">
      <Filter>Header Files</Filter>
    </ClInclude>
    <ClInclude Include="inc\aux_cameras.h" />
    <ClInclude Include="inc\basic_input.h" />
    <ClInclude Include="inc\bo_file.h" />
    <ClInclude Include="inc\camera.h" />
    <ClInclude Include="inc\cmmn.h" />
    <ClInclude Include="inc\constant_buffer.h" />
    <ClInclude Include="inc\dds_loader.h" />
    <ClInclude Include="inc\device.h" />
    <ClInclude Include="inc\dostream.h" />
    <ClInclude Include="inc\mesh.h" />
    <ClInclude Include="inc\render_texture2d.h" />
    <ClInclude Include="inc\resource.h" />
    <ClInclude Include="inc\shader.h" />
    <ClInclude Include="inc\states.h" />
    <ClInclude Include="inc\texture.h" />
    <ClInclude Include="inc\timer.h" />
    <ClInclude Include="inc\app.h">
      <Filter>Header Files</Filter>
    </ClInclude>
    <ClInclude Include="inc\aux_cameras.h" />
    <ClInclude Include="inc\basic_input.h" />
    <ClInclude Include="inc\bo_file.h" />
    <ClInclude Include="inc\camera.h" />
    <ClInclude Include="inc\cmmn.h" />
    <ClInclude Include="inc\constant_buffer.h" />
    <ClInclude Include="inc\dds_loader.h" />
    <ClInclude Include="inc\device.h" />
    <ClInclude Include="inc\dostream.h" />
    <ClInclude Include="inc\mesh.h" />
    <ClInclude Include="inc\render_texture2d.h" />
    <ClInclude Include="inc\resource.h" />
    <ClInclude Include="inc\shader.h" />
    <ClInclude Include="inc\states.h" />
    <ClInclude Include="inc\texture.h" />
    <ClInclude Include="inc\timer.h" />
    <ClInclude Include="inc\app.h">
      <Filter>Header Files</Filter>
    </ClInclude>
    <ClInclude Include="inc\aux_cameras.h" />
    <ClInclude Include="inc\basic_input.h" />
    <ClInclude Include="inc\bo_file.h" />
    <ClInclude Include="inc\camera.h" />
    <ClInclude Include="inc\cmmn.h" />
    <ClInclude Include="inc\constant_buffer.h" />
    <ClInclude Include="inc\dds_loader.h" />
    <ClInclude Include="inc\device.h" />
    <ClInclude Include="inc\dostream.h" />
    <ClInclude Include="inc\mesh.h" />
    <ClInclude Include="inc\render_texture2d.h" />
    <ClInclude Include="inc\resource.h" />
    <ClInclude Include="inc\shader.h" />
    <ClInclude Include="inc\states.h" />
    <ClInclude Include="inc\texture.h" />
    <ClInclude Include="inc\timer.h" />
    <ClInclude Include="inc\app.h">
      <Filter>Header Files</Filter>
    </ClInclude>
    <ClInclude Include="inc\aux_cameras.h" />
    <ClInclude Include="inc\basic_input.h" />
    <ClInclude Include="inc\bo_file.h" />
    <ClInclude Include="inc\camera.h" />
    <ClInclude Include="inc\cmmn.h" />
    <ClInclude Include="inc\constant_buffer.h" />
    <ClInclude Include="inc\dds_loader.h" />
    <ClInclude Include="inc\device.h" />
    <ClInclude Include="inc\dostream.h" />
    <ClInclude Include="inc\mesh.h" />
    <ClInclude Include="inc\render_texture2d.h" />
    <ClInclude Include="inc\resource.h" />
    <ClInclude Include="inc\shader.h" />
    <ClInclude Include="inc\states.h" />
    <ClInclude Include="inc\texture.h" />
    <ClInclude Include="inc\timer.h" />
    <ClInclude Include="inc\app.h">
      <Filter>Header Files</Filter>
    </ClInclude>
    <ClInclude Include="inc\aux_cameras.h" />
    <ClInclude Include="inc\basic_input.h" />
    <ClInclude Include="inc\bo_file.h" />
    <ClInclude Include="inc\camera.h" />
    <ClInclude Include="inc\cmmn.h" />
    <ClInclude Include="inc\constant_buffer.h" />
    <ClInclude Include="inc\dds_loader.h" />
    <ClInclude Include="inc\device.h" />
    <ClInclude Include="inc\dostream.h" />
    <ClInclude Include="inc\mesh.h" />
    <ClInclude Include="inc\render_texture2d.h" />
    <ClInclude Include="inc\resource.h" />
    <ClInclude Include="inc\shader.h" />
    <ClInclude Include="inc\states.h" />
    <ClInclude Include="inc\texture.h" />
    <ClInclude Include="inc\timer.h" />
    <ClInclude Include="inc\app.h">
      <Filter>Header Files</Filter>
    </ClInclude>
    <ClInclude Include="inc\aux_cameras.h" />
    <ClInclude Include="inc\basic_input.h" />
    <ClInclude Include="inc\bo_file.h" />
    <ClInclude Include="inc\camera.h" />
    <ClInclude Include="inc\cmmn.h" />
    <ClInclude Include="inc\constant_buffer.h" />
    <ClInclude Include="inc\dds_loader.h" />
    <ClInclude Include="inc\device.h" />
    <ClInclude Include="inc\dostream.h" />
    <ClInclude Include="inc\mesh.h" />
    <ClInclude Include="inc\render_texture2d.h" />
    <ClInclude Include="inc\resource.h" />
    <ClInclude Include="inc\shader.h" />
    <ClInclude Include="inc\states.h" />
    <ClInclude Include="inc\texture.h" />
    <ClInclude Include="inc\timer.h" />
    <ClInclude Include="inc\app.h">
      <Filter>Header Files</Filter>
    </ClInclude>
    <ClInclude Include="inc\aux_cameras.h" />
    <ClInclude Include="inc\basic_input.h" />
    <ClInclude Include="inc\bo_file.h" />
    <ClInclude Include="inc\camera.h" />
    <ClInclude Include="inc\cmmn.h" />
    <ClInclude Include="inc\constant_buffer.h" />
    <ClInclude Include="inc\dds_loader.h" />
    <ClInclude Include="inc\device.h" />
    <ClInclude Include="inc\dostream.h" />
    <ClInclude Include="inc\mesh.h" />
    <ClInclude Include="inc\render_texture2d.h" />
    <ClInclude Include="inc\resource.h" />
    <ClInclude Include="inc\shader.h" />
    <ClInclude Include="inc\states.h" />
    <ClInclude Include="inc\texture.h" />
    <ClInclude Include="inc\timer.h" />
    <ClInclude Include="inc\app.h">
      <Filter>Header Files</Filter>
    </ClInclude>
    <ClInclude Include="inc\aux_cameras.h" />
    <ClInclude Include="inc\basic_input.h" />
    <ClInclude Include="inc\bo_file.h" />
    <ClInclude Include="inc\camera.h" />
    <ClInclude Include="inc\cmmn.h" />
    <ClInclude Include="inc\constant_buffer.h" />
    <ClInclude Include="inc\dds_loader.h" />
    <ClInclude Include="inc\device.h" />
    <ClInclude Include="inc\dostream.h" />
    <ClInclude Include="inc\mesh.h" />
    <ClInclude Include="inc\render_texture2d.h" />
    <ClInclude Include="inc\resource.h" />
    <ClInclude Include="inc\shader.h" />
    <ClInclude Include="inc\states.h" />
    <ClInclude Include="inc\texture.h" />
    <ClInclude Include="inc\timer.h" />
    <ClInclude Include="inc\app.h">
      <Filter>Header Files</Filter>
    </ClInclude>
    <ClInclude Include="inc\aux_cameras.h" />
    <ClInclude Include="inc\basic_input.h" />
    <ClInclude Include="inc\bo_file.h" />
    <ClInclude Include="inc\camera.h" />
    <ClInclude Include="inc\cmmn.h" />
    <ClInclude Include="inc\constant_buffer.h" />
    <ClInclude Include="inc\dds_loader.h" />
    <ClInclude Include="inc\device.h" />
    <ClInclude Include="inc\dostream.h" />
    <ClInclude Include="inc\mesh.h" />
    <ClInclude Include="inc\render_texture2d.h" />
    <ClInclude Include="inc\resource.h" />
    <ClInclude Include="inc\shader.h" />
    <ClInclude Include="inc\states.h" />
    <ClInclude Include="inc\texture.h" />
    <ClInclude Include="inc\timer.h" />
    <ClInclude Include="inc\app.h">
      <Filter>Header Files</Filter>
    </ClInclude>
    <ClInclude Include="inc\aux_cameras.h" />
    <ClInclude Include="inc\basic_input.h" />
    <ClInclude Include="inc\bo_file.h" />
    <ClInclude Include="inc\camera.h" />
    <ClInclude Include="inc\cmmn.h" />
    <ClInclude Include="inc\constant_buffer.h" />
    <ClInclude Include="inc\dds_loader.h" />
    <ClInclude Include="inc\device.h" />
    <ClInclude Include="inc\dostream.h" />
    <ClInclude Include="inc\mesh.h" />
    <ClInclude Include="inc\render_texture2d.h" />
    <ClInclude Include="inc\resource.h" />
    <ClInclude Include="inc\shader.h" />
    <ClInclude Include="inc\states.h" />
    <ClInclude Include="inc\texture.h" />
    <ClInclude Include="inc\timer.h" />
    <ClInclude Include="inc\app.h">
      <Filter>Header Files</Filter>
    </ClInclude>
    <ClInclude Include="inc\aux_cameras.h" />
    <ClInclude Include="inc\basic_input.h" />
    <ClInclude Include="inc\bo_file.h" />
    <ClInclude Include="inc\camera.h" />
    <ClInclude Include="inc\cmmn.h" />
    <ClInclude Include="inc\constant_buffer.h" />
    <ClInclude Include="inc\dds_loader.h" />
    <ClInclude Include="inc\device.h" />
    <ClInclude Include="inc\dostream.h" />
    <ClInclude Include="inc\mesh.h" />
    <ClInclude Include="inc\render_texture2d.h" />
    <ClInclude Include="inc\resource.h" />
    <ClInclude Include="inc\shader.h" />
    <ClInclude Include="inc\states.h" />
    <ClInclude Include="inc\texture.h" />
    <ClInclude Include="inc\timer.h" />
    <ClInclude Include="inc\app.h">
      <Filter>Header Files</Filter>
    </ClInclude>
    <ClInclude Include="inc\aux_cameras.h" />
    <ClInclude Include="inc\basic_input.h" />
    <ClInclude Include="inc\bo_file.h" />
    <ClInclude Include="inc\camera.h" />
    <ClInclude Include="inc\cmmn.h" />
    <ClInclude Include="inc\constant_buffer.h" />
    <ClInclude Include="inc\dds_loader.h" />
    <ClInclude Include="inc\device.h" />
    <ClInclude Include="inc\dostream.h" />
    <ClInclude Include="inc\mesh.h" />
    <ClInclude Include="inc\render_texture2d.h" />
    <ClInclude Include="inc\resource.h" />
    <ClInclude Include="inc\shader.h" />
    <ClInclude Include="inc\states.h" />
    <ClInclude Include="inc\texture.h" />
    <ClInclude Include="inc\timer.h" />
    <ClInclude Include="inc\app.h">
      <Filter>Header Files</Filter>
    </ClInclude>
    <ClInclude Include="inc\aux_cameras.h" />
    <ClInclude Include="inc\basic_input.h" />
    <ClInclude Include="inc\bo_file.h" />
    <ClInclude Include="inc\camera.h" />
    <ClInclude Include="inc\cmmn.h" />
    <ClInclude Include="inc\constant_buffer.h" />
    <ClInclude Include="inc\dds_loader.h" />
    <ClInclude Include="inc\device.h" />
    <ClInclude Include="inc\dostream.h" />
    <ClInclude Include="inc\mesh.h" />
    <ClInclude Include="inc\render_texture2d.h" />
    <ClInclude Include="inc\resource.h" />
    <ClInclude Include="inc\shader.h" />
    <ClInclude Include="inc\states.h" />
    <ClInclude Include="inc\texture.h" />
    <ClInclude Include="inc\timer.h" />
    <ClInclude Include="inc\app.h">
      <Filter>Header Files</Filter>
    </ClInclude>
    <ClInclude Include="inc\aux_cameras.h" />
    <ClInclude Include="inc\basic_input.h" />
    <ClInclude Include="inc\bo_file.h" />
    <ClInclude Include="inc\camera.h" />
    <ClInclude Include="inc\cmmn.h" />
    <ClInclude Include="inc\constant_buffer.h" />
    <ClInclude Include="inc\dds_loader.h" />
    <ClInclude Include="inc\device.h" />
    <ClInclude Include="inc\dostream.h" />
    <ClInclude Include="inc\mesh.h" />
    <ClInclude Include="inc\render_texture2d.h" />
    <ClInclude Include="inc\resource.h" />
    <ClInclude Include="inc\shader.h" />
    <ClInclude Include="inc\states.h" />
    <ClInclude Include="inc\texture.h" />
    <ClInclude Include="inc\timer.h" />
    <ClInclude Include="inc\app.h">
      <Filter>Header Files</Filter>
    </ClInclude>
    <ClInclude Include="inc\aux_cameras.h" />
    <ClInclude Include="inc\basic_input.h" />
    <ClInclude Include="inc\bo_file.h" />
    <ClInclude Include="inc\camera.h" />
    <ClInclude Include="inc\cmmn.h" />
    <ClInclude Include="inc\constant_buffer.h" />
    <ClInclude Include="inc\dds_loader.h" />
    <ClInclude Include="inc\device.h" />
    <ClInclude Include="inc\dostream.h" />
    <ClInclude Include="inc\mesh.h" />
    <ClInclude Include="inc\render_texture2d.h" />
    <ClInclude Include="inc\resource.h" />
    <ClInclude Include="inc\shader.h" />
    <ClInclude Include="inc\states.h" />
    <ClInclude Include="inc\texture.h" />
    <ClInclude Include="inc\timer.h" />
    <ClInclude Include="inc\app.h">
      <Filter>Header Files</Filter>
    </ClInclude>
    <ClInclude Include="inc\aux_cameras.h" />
    <ClInclude Include="inc\basic_input.h" />
    <ClInclude Include="inc\bo_file.h" />
    <ClInclude Include="inc\camera.h" />
    <ClInclude Include="inc\cmmn.h" />
    <ClInclude Include="inc\constant_buffer.h" />
    <ClInclude Include="inc\dds_loader.h" />
    <ClInclude Include="inc\device.h" />
    <ClInclude Include="inc\dostream.h" />
    <ClInclude Include="inc\mesh.h" />
    <ClInclude Include="inc\render_texture2d.h" />
    <ClInclude Include="inc\resource.h" />
    <ClInclude Include="inc\shader.h" />
    <ClInclude Include="inc\states.h" />
    <ClInclude Include="inc\texture.h" />
    <ClInclude Include="inc\timer.h" />
    <ClInclude Include="inc\app.h">
      <Filter>Header Files</Filter>
    </ClInclude>
    <ClInclude Include="inc\aux_cameras.h" />
    <ClInclude Include="inc\basic_input.h" />
    <ClInclude Include="inc\bo_file.h" />
    <ClInclude Include="inc\camera.h" />
    <ClInclude Include="inc\cmmn.h" />
    <ClInclude Include="inc\constant_buffer.h" />
    <ClInclude Include="inc\dds_loader.h" />
    <ClInclude Include="inc\device.h" />
    <ClInclude Include="inc\dostream.h" />
    <ClInclude Include="inc\mesh.h" />
    <ClInclude Include="inc\render_texture2d.h" />
    <ClInclude Include="inc\resource.h" />
    <ClInclude Include="inc\shader.h" />
    <ClInclude Include="inc\states.h" />
    <ClInclude Include="inc\texture.h" />
    <ClInclude Include="inc\timer.h" />
    <ClInclude Include="inc\app.h">
      <Filter>Header Files</Filter>
    </ClInclude>
    <ClInclude Include="inc\aux_cameras.h" />
    <ClInclude Include="inc\basic_input.h" />
    <ClInclude Include="inc\bo_file.h" />
    <ClInclude Include="inc\camera.h" />
    <ClInclude Include="inc\cmmn.h" />
    <ClInclude Include="inc\constant_buffer.h" />
    <ClInclude Include="inc\dds_loader.h" />
    <ClInclude Include="inc\device.h" />
    <ClInclude Include="inc\dostream.h" />
    <ClInclude Include="inc\mesh.h" />
    <ClInclude Include="inc\render_texture2d.h" />
    <ClInclude Include="inc\resource.h" />
    <ClInclude Include="inc\shader.h" />
    <ClInclude Include="inc\states.h" />
    <ClInclude Include="inc\texture.h" />
    <ClInclude Include="inc\timer.h" />
    <ClInclude Include="inc\app.h">
      <Filter>Header Files</Filter>
    </ClInclude>
    <ClInclude Include="inc\aux_cameras.h" />
    <ClInclude Include="inc\basic_input.h" />
    <ClInclude Include="inc\bo_file.h" />
    <ClInclude Include="inc\camera.h" />
    <ClInclude Include="inc\cmmn.h" />
    <ClInclude Include="inc\constant_buffer.h" />
    <ClInclude Include="inc\dds_loader.h" />
    <ClInclude Include="inc\device.h" />
    <ClInclude Include="inc\dostream.h" />
    <ClInclude Include="inc\mesh.h" />
    <ClInclude Include="inc\render_texture2d.h" />
    <ClInclude Include="inc\resource.h" />
    <ClInclude Include="inc\shader.h" />
    <ClInclude Include="inc\states.h" />
    <ClInclude Include="inc\texture.h" />
    <ClInclude Include="inc\timer.h" />
    <ClInclude Include="inc\app.h">
      <Filter>Header Files</Filter>
    </ClInclude>
    <ClInclude Include="inc\aux_cameras.h" />
    <ClInclude Include="inc\basic_input.h" />
    <ClInclude Include="inc\bo_file.h" />
    <ClInclude Include="inc\camera.h" />
    <ClInclude Include="inc\cmmn.h" />
    <ClInclude Include="inc\constant_buffer.h" />
    <ClInclude Include="inc\dds_loader.h" />
    <ClInclude Include="inc\device.h" />
    <ClInclude Include="inc\dostream.h" />
    <ClInclude Include="inc\mesh.h" />
    <ClInclude Include="inc\render_texture2d.h" />
    <ClInclude Include="inc\resource.h" />
    <ClInclude Include="inc\shader.h" />
    <ClInclude Include="inc\states.h" />
    <ClInclude Include="inc\texture.h" />
    <ClInclude Include="inc\timer.h" />
    <ClInclude Include="inc\app.h">
      <Filter>Header Files</Filter>
    </ClInclude>
    <ClInclude Include="inc\aux_cameras.h" />
    <ClInclude Include="inc\basic_input.h" />
    <ClInclude Include="inc\bo_file.h" />
    <ClInclude Include="inc\camera.h" />
    <ClInclude Include="inc\cmmn.h" />
    <ClInclude Include="inc\constant_buffer.h" />
    <ClInclude Include="inc\dds_loader.h" />
    <ClInclude Include="inc\device.h" />
    <ClInclude Include="inc\dostream.h" />
    <ClInclude Include="inc\mesh.h" />
    <ClInclude Include="inc\render_texture2d.h" />
    <ClInclude Include="inc\resource.h" />
    <ClInclude Include="inc\shader.h" />
    <ClInclude Include="inc\states.h" />
    <ClInclude Include="inc\texture.h" />
    <ClInclude Include="inc\timer.h" />
    <ClInclude Include="inc\app.h">
      <Filter>Header Files</Filter>
    </ClInclude>
    <ClInclude Include="inc\aux_cameras.h" />
    <ClInclude Include="inc\basic_input.h" />
    <ClInclude Include="inc\bo_file.h" />
    <ClInclude Include="inc\camera.h" />
    <ClInclude Include="inc\cmmn.h" />
    <ClInclude Include="inc\constant_buffer.h" />
    <ClInclude Include="inc\dds_loader.h" />
    <ClInclude Include="inc\device.h" />
    <ClInclude Include="inc\dostream.h" />
    <ClInclude Include="inc\mesh.h" />
    <ClInclude Include="inc\render_texture2d.h" />
    <ClInclude Include="inc\resource.h" />
    <ClInclude Include="inc\shader.h" />
    <ClInclude Include="inc\states.h" />
    <ClInclude Include="inc\texture.h" />
    <ClInclude Include="inc\timer.h" />
    <ClInclude Include="inc\app.h">
      <Filter>Header Files</Filter>
    </ClInclude>
    <ClInclude Include="inc\aux_cameras.h" />
    <ClInclude Include="inc\basic_input.h" />
    <ClInclude Include="inc\bo_file.h" />
    <ClInclude Include="inc\camera.h" />
    <ClInclude Include="inc\cmmn.h" />
    <ClInclude Include="inc\constant_buffer.h" />
    <ClInclude Include="inc\dds_loader.h" />
    <ClInclude Include="inc\device.h" />
    <ClInclude Include="inc\dostream.h" />
    <ClInclude Include="inc\mesh.h" />
    <ClInclude Include="inc\render_texture2d.h" />
    <ClInclude Include="inc\resource.h" />
    <ClInclude Include="inc\shader.h" />
    <ClInclude Include="inc\states.h" />
    <ClInclude Include="inc\texture.h" />
    <ClInclude Include="inc\timer.h" />
    <ClInclude Include="inc\app.h">
      <Filter>Header Files</Filter>
    </ClInclude>
    <ClInclude Include="inc\aux_cameras.h" />
    <ClInclude Include="inc\basic_input.h" />
    <ClInclude Include="inc\bo_file.h" />
    <ClInclude Include="inc\camera.h" />
    <ClInclude Include="inc\cmmn.h" />
    <ClInclude Include="inc\constant_buffer.h" />
    <ClInclude Include="inc\dds_loader.h" />
    <ClInclude Include="inc\device.h" />
    <ClInclude Include="inc\dostream.h" />
    <ClInclude Include="inc\mesh.h" />
    <ClInclude Include="inc\render_texture2d.h" />
    <ClInclude Include="inc\resource.h" />
    <ClInclude Include="inc\shader.h" />
    <ClInclude Include="inc\states.h" />
    <ClInclude Include="inc\texture.h" />
    <ClInclude Include="inc\timer.h" />
    <ClInclude Include="inc\app.h">
      <Filter>Header Files</Filter>
    </ClInclude>
    <ClInclude Include="inc\aux_cameras.h" />
    <ClInclude Include="inc\basic_input.h" />
    <ClInclude Include="inc\bo_file.h" />
    <ClInclude Include="inc\camera.h" />
    <ClInclude Include="inc\cmmn.h" />
    <ClInclude Include="inc\constant_buffer.h" />
    <ClInclude Include="inc\dds_loader.h" />
    <ClInclude Include="inc\device.h" />
    <ClInclude Include="inc\dostream.h" />
    <ClInclude Include="inc\mesh.h" />
    <ClInclude Include="inc\render_texture2d.h" />
    <ClInclude Include="inc\resource.h" />
    <ClInclude Include="inc\shader.h" />
    <ClInclude Include="inc\states.h" />
    <ClInclude Include="inc\texture.h" />
    <ClInclude Include="inc\timer.h" />
    <ClInclude Include="inc\app.h">
      <Filter>Header Files</Filter>
    </ClInclude>
    <ClInclude Include="inc\aux_cameras.h" />
    <ClInclude Include="inc\basic_input.h" />
    <ClInclude Include="inc\bo_file.h" />
    <ClInclude Include="inc\camera.h" />
    <ClInclude Include="inc\cmmn.h" />
    <ClInclude Include="inc\constant_buffer.h" />
    <ClInclude Include="inc\dds_loader.h" />
    <ClInclude Include="inc\device.h" />
    <ClInclude Include="inc\dostream.h" />
    <ClInclude Include="inc\mesh.h" />
    <ClInclude Include="inc\render_texture2d.h" />
    <ClInclude Include="inc\resource.h" />
    <ClInclude Include="inc\shader.h" />
    <ClInclude Include="inc\states.h" />
    <ClInclude Include="inc\texture.h" />
    <ClInclude Include="inc\timer.h" />
    <ClInclude Include="inc\app.h">
      <Filter>Header Files</Filter>
    </ClInclude>
    <ClInclude Include="inc\aux_cameras.h" />
    <ClInclude Include="inc\basic_input.h" />
    <ClInclude Include="inc\bo_file.h" />
    <ClInclude Include="inc\camera.h" />
    <ClInclude Include="inc\cmmn.h" />
    <ClInclude Include="inc\constant_buffer.h" />
    <ClInclude Include="inc\dds_loader.h" />
    <ClInclude Include="inc\device.h" />
    <ClInclude Include="inc\dostream.h" />
    <ClInclude Include="inc\mesh.h" />
    <ClInclude Include="inc\render_texture2d.h" />
    <ClInclude Include="inc\resource.h" />
    <ClInclude Include="inc\shader.h" />
    <ClInclude Include="inc\states.h" />
    <ClInclude Include="inc\texture.h" />
    <ClInclude Include="inc\timer.h" />
    <ClInclude Include="inc\app.h">
      <Filter>Header Files</Filter>
    </ClInclude>
    <ClInclude Include="inc\aux_cameras.h" />
    <ClInclude Include="inc\basic_input.h" />
    <ClInclude Include="inc\bo_file.h" />
    <ClInclude Include="inc\camera.h" />
    <ClInclude Include="inc\cmmn.h" />
    <ClInclude Include="inc\constant_buffer.h" />
    <ClInclude Include="inc\dds_loader.h" />
    <ClInclude Include="inc\device.h" />
    <ClInclude Include="inc\dostream.h" />
    <ClInclude Include="inc\mesh.h" />
    <ClInclude Include="inc\render_texture2d.h" />
    <ClInclude Include="inc\resource.h" />
    <ClInclude Include="inc\shader.h" />
    <ClInclude Include="inc\states.h" />
    <ClInclude Include="inc\texture.h" />
    <ClInclude Include="inc\timer.h" />
    <ClInclude Include="inc\app.h">
      <Filter>Header Files</Filter>
    </ClInclude>
    <ClInclude Include="inc\aux_cameras.h" />
    <ClInclude Include="inc\basic_input.h" />
    <ClInclude Include="inc\bo_file.h" />
    <ClInclude Include="inc\camera.h" />
    <ClInclude Include="inc\cmmn.h" />
    <ClInclude Include="inc\constant_buffer.h" />
    <ClInclude Include="inc\dds_loader.h" />
    <ClInclude Include="inc\device.h" />
    <ClInclude Include="inc\dostream.h" />
    <ClInclude Include="inc\mesh.h" />
    <ClInclude Include="inc\render_texture2d.h" />
    <ClInclude Include="inc\resource.h" />
    <ClInclude Include="inc\shader.h" />
    <ClInclude Include="inc\states.h" />
    <ClInclude Include="inc\texture.h" />
    <ClInclude Include="inc\timer.h" />
    <ClInclude Include="inc\app.h">
      <Filter>Header Files</Filter>
    </ClInclude>
    <ClInclude Include="inc\aux_cameras.h" />
    <ClInclude Include="inc\basic_input.h" />
    <ClInclude Include="inc\bo_file.h" />
    <ClInclude Include="inc\camera.h" />
    <ClInclude Include="inc\cmmn.h" />
    <ClInclude Include="inc\constant_buffer.h" />
    <ClInclude Include="inc\dds_loader.h" />
    <ClInclude Include="inc\device.h" />
    <ClInclude Include="inc\dostream.h" />
    <ClInclude Include="inc\mesh.h" />
    <ClInclude Include="inc\render_texture2d.h" />
    <ClInclude Include="inc\resource.h" />
    <ClInclude Include="inc\shader.h" />
    <ClInclude Include="inc\states.h" />
    <ClInclude Include="inc\texture.h" />
    <ClInclude Include="inc\timer.h" />
    <ClInclude Include="inc\app.h">
      <Filter>Header Files</Filter>
    </ClInclude>
    <ClInclude Include="inc\aux_cameras.h" />
    <ClInclude Include="inc\basic_input.h" />
    <ClInclude Include="inc\bo_file.h" />
    <ClInclude Include="inc\camera.h" />
    <ClInclude Include="inc\cmmn.h" />
    <ClInclude Include="inc\constant_buffer.h" />
    <ClInclude Include="inc\dds_loader.h" />
    <ClInclude Include="inc\device.h" />
    <ClInclude Include="inc\dostream.h" />
    <ClInclude Include="inc\mesh.h" />
    <ClInclude Include="inc\render_texture2d.h" />
    <ClInclude Include="inc\resource.h" />
    <ClInclude Include="inc\shader.h" />
    <ClInclude Include="inc\states.h" />
    <ClInclude Include="inc\texture.h" />
    <ClInclude Include="inc\timer.h" />
    <ClInclude Include="inc\app.h">
      <Filter>Header Files</Filter>
    </ClInclude>
    <ClInclude Include="inc\aux_cameras.h" />
    <ClInclude Include="inc\basic_input.h" />
    <ClInclude Include="inc\bo_file.h" />
    <ClInclude Include="inc\camera.h" />
    <ClInclude Include="inc\cmmn.h" />
    <ClInclude Include="inc\constant_buffer.h" />
    <ClInclude Include="inc\dds_loader.h" />
    <ClInclude Include="inc\device.h" />
    <ClInclude Include="inc\dostream.h" />
    <ClInclude Include="inc\mesh.h" />
    <ClInclude Include="inc\render_texture2d.h" />
    <ClInclude Include="inc\resource.h" />
    <ClInclude Include="inc\shader.h" />
    <ClInclude Include="inc\states.h" />
    <ClInclude Include="inc\texture.h" />
    <ClInclude Include="inc\timer.h" />
    <ClInclude Include="inc\app.h">
      <Filter>Header Files</Filter>
    </ClInclude>
    <ClInclude Include="inc\aux_cameras.h" />
    <ClInclude Include="inc\basic_input.h" />
    <ClInclude Include="inc\bo_file.h" />
    <ClInclude Include="inc\camera.h" />
    <ClInclude Include="inc\cmmn.h" />
    <ClInclude Include="inc\constant_buffer.h" />
    <ClInclude Include="inc\dds_loader.h" />
    <ClInclude Include="inc\device.h" />
    <ClInclude Include="inc\dostream.h" />
    <ClInclude Include="inc\mesh.h" />
    <ClInclude Include="inc\render_texture2d.h" />
    <ClInclude Include="inc\resource.h" />
    <ClInclude Include="inc\shader.h" />
    <ClInclude Include="inc\states.h" />
    <ClInclude Include="inc\texture.h" />
    <ClInclude Include="inc\timer.h" />
    <ClInclude Include="inc\app.h">
      <Filter>Header Files</Filter>
    </ClInclude>
    <ClInclude Include="inc\aux_cameras.h" />
    <ClInclude Include="inc\basic_input.h" />
    <ClInclude Include="inc\bo_file.h" />
    <ClInclude Include="inc\camera.h" />
    <ClInclude Include="inc\cmmn.h" />
    <ClInclude Include="inc\constant_buffer.h" />
    <ClInclude Include="inc\dds_loader.h" />
    <ClInclude Include="inc\device.h" />
    <ClInclude Include="inc\dostream.h" />
    <ClInclude Include="inc\mesh.h" />
    <ClInclude Include="inc\render_texture2d.h" />
    <ClInclude Include="inc\resource.h" />
    <ClInclude Include="inc\shader.h" />
    <ClInclude Include="inc\states.h" />
    <ClInclude Include="inc\texture.h" />
    <ClInclude Include="inc\timer.h" />
    <ClInclude Include="inc\app.h">
      <Filter>Header Files</Filter>
    </ClInclude>
    <ClInclude Include="inc\aux_cameras.h" />
    <ClInclude Include="inc\basic_input.h" />
    <ClInclude Include="inc\bo_file.h" />
    <ClInclude Include="inc\camera.h" />
    <ClInclude Include="inc\cmmn.h" />
    <ClInclude Include="inc\constant_buffer.h" />
    <ClInclude Include="inc\dds_loader.h" />
    <ClInclude Include="inc\device.h" />
    <ClInclude Include="inc\dostream.h" />
    <ClInclude Include="inc\mesh.h" />
    <ClInclude Include="inc\render_texture2d.h" />
    <ClInclude Include="inc\resource.h" />
    <ClInclude Include="inc\shader.h" />
    <ClInclude Include="inc\states.h" />
    <ClInclude Include="inc\texture.h" />
    <ClInclude Include="inc\timer.h" />
    <ClInclude Include="inc\app.h">
      <Filter>Header Files</Filter>
    </ClInclude>
    <ClInclude Include="inc\aux_cameras.h" />
    <ClInclude Include="inc\basic_input.h" />
    <ClInclude Include="inc\bo_file.h" />
    <ClInclude Include="inc\camera.h" />
    <ClInclude Include="inc\cmmn.h" />
    <ClInclude Include="inc\constant_buffer.h" />
    <ClInclude Include="inc\dds_loader.h" />
    <ClInclude Include="inc\device.h" />
    <ClInclude Include="inc\dostream.h" />
    <ClInclude Include="inc\mesh.h" />
    <ClInclude Include="inc\render_texture2d.h" />
    <ClInclude Include="inc\resource.h" />
    <ClInclude Include="inc\shader.h" />
    <ClInclude Include="inc\states.h" />
    <ClInclude Include="inc\texture.h" />
    <ClInclude Include="inc\timer.h" />
    <ClInclude Include="inc\app.h">
      <Filter>Header Files</Filter>
    </ClInclude>
    <ClInclude Include="inc\aux_cameras.h" />
    <ClInclude Include="inc\basic_input.h" />
    <ClInclude Include="inc\bo_file.h" />
    <ClInclude Include="inc\camera.h" />
    <ClInclude Include="inc\cmmn.h" />
    <ClInclude Include="inc\constant_buffer.h" />
    <ClInclude Include="inc\dds_loader.h" />
    <ClInclude Include="inc\device.h" />
    <ClInclude Include="inc\dostream.h" />
    <ClInclude Include="inc\mesh.h" />
    <ClInclude Include="inc\render_texture2d.h" />
    <ClInclude Include="inc\resource.h" />
    <ClInclude Include="inc\shader.h" />
    <ClInclude Include="inc\states.h" />
    <ClInclude Include="inc\texture.h" />
    <ClInclude Include="inc\timer.h" />
    <ClInclude Include="inc\app.h">
      <Filter>Header Files</Filter>
    </ClInclude>
    <ClInclude Include="inc\aux_cameras.h" />
    <ClInclude Include="inc\basic_input.h" />
    <ClInclude Include="inc\bo_file.h" />
    <ClInclude Include="inc\camera.h" />
    <ClInclude Include="inc\cmmn.h" />
    <ClInclude Include="inc\constant_buffer.h" />
    <ClInclude Include="inc\dds_loader.h" />
    <ClInclude Include="inc\device.h" />
    <ClInclude Include="inc\dostream.h" />
    <ClInclude Include="inc\mesh.h" />
    <ClInclude Include="inc\render_texture2d.h" />
    <ClInclude Include="inc\resource.h" />
    <ClInclude Include="inc\shader.h" />
    <ClInclude Include="inc\states.h" />
    <ClInclude Include="inc\texture.h" />
    <ClInclude Include="inc\timer.h" />
    <ClInclude Include="inc\app.h">
      <Filter>Header Files</Filter>
    </ClInclude>
    <ClInclude Include="inc\aux_cameras.h" />
    <ClInclude Include="inc\basic_input.h" />
    <ClInclude Include="inc\bo_file.h" />
    <ClInclude Include="inc\camera.h" />
    <ClInclude Include="inc\cmmn.h" />
    <ClInclude Include="inc\constant_buffer.h" />
    <ClInclude Include="inc\dds_loader.h" />
    <ClInclude Include="inc\device.h" />
    <ClInclude Include="inc\dostream.h" />
    <ClInclude Include="inc\mesh.h" />
    <ClInclude Include="inc\render_texture2d.h" />
    <ClInclude Include="inc\resource.h" />
    <ClInclude Include="inc\shader.h" />
    <ClInclude Include="inc\states.h" />
    <ClInclude Include="inc\texture.h" />
    <ClInclude Include="inc\timer.h" />
    <ClInclude Include="inc\app.h">
      <Filter>Header Files</Filter>
    </ClInclude>
    <ClInclude Include="inc\aux_cameras.h" />
    <ClInclude Include="inc\basic_input.h" />
    <ClInclude Include="inc\bo_file.h" />
    <ClInclude Include="inc\camera.h" />
    <ClInclude Include="inc\cmmn.h" />
    <ClInclude Include="inc\constant_buffer.h" />
    <ClInclude Include="inc\dds_loader.h" />
    <ClInclude Include="inc\device.h" />
    <ClInclude Include="inc\dostream.h" />
    <ClInclude Include="inc\mesh.h" />
    <ClInclude Include="inc\render_texture2d.h" />
    <ClInclude Include="inc\resource.h" />
    <ClInclude Include="inc\shader.h" />
    <ClInclude Include="inc\states.h" />
    <ClInclude Include="inc\texture.h" />
    <ClInclude Include="inc\timer.h" />
    <ClInclude Include="inc\app.h">
      <Filter>Header Files</Filter>
    </ClInclude>
    <ClInclude Include="inc\aux_cameras.h" />
    <ClInclude Include="inc\basic_input.h" />
    <ClInclude Include="inc\bo_file.h" />
    <ClInclude Include="inc\camera.h" />
    <ClInclude Include="inc\cmmn.h" />
    <ClInclude Include="inc\constant_buffer.h" />
    <ClInclude Include="inc\dds_loader.h" />
    <ClInclude Include="inc\device.h" />
    <ClInclude Include="inc\dostream.h" />
    <ClInclude Include="inc\mesh.h" />
    <ClInclude Include="inc\render_texture2d.h" />
    <ClInclude Include="inc\render_texture_ex.h" />
    <ClInclude Include="inc\resource.h" />
    <ClInclude Include="inc\shader.h" />
    <ClInclude Include="inc\states.h" />
    <ClInclude Include="inc\texture.h" />
    <ClInclude Include="inc\timer.h" />
    <ClInclude Include="inc\app.h">
      <Filter>Header Files</Filter>
    </ClInclude>
    <ClInclude Include="inc\aux_cameras.h" />
    <ClInclude Include="inc\basic_input.h" />
    <ClInclude Include="inc\bo_file.h" />
    <ClInclude Include="inc\camera.h" />
    <ClInclude Include="inc\cmmn.h" />
    <ClInclude Include="inc\constant_buffer.h" />
    <ClInclude Include="inc\dds_loader.h" />
    <ClInclude Include="inc\device.h" />
    <ClInclude Include="inc\dostream.h" />
    <ClInclude Include="inc\mesh.h" />
    <ClInclude Include="inc\render_texture2d.h" />
    <ClInclude Include="inc\render_texture_ex.h" />
    <ClInclude Include="inc\resource.h" />
    <ClInclude Include="inc\shader.h" />
    <ClInclude Include="inc\states.h" />
    <ClInclude Include="inc\texture.h" />
    <ClInclude Include="inc\timer.h" />
    <ClInclude Include="inc\app.h">
      <Filter>Header Files</Filter>
    </ClInclude>
    <ClInclude Include="inc\aux_cameras.h" />
    <ClInclude Include="inc\basic_input.h" />
    <ClInclude Include="inc\bo_file.h" />
    <ClInclude Include="inc\camera.h" />
    <ClInclude Include="inc\cmmn.h" />
    <ClInclude Include="inc\constant_buffer.h" />
    <ClInclude Include="inc\dds_loader.h" />
    <ClInclude Include="inc\device.h" />
    <ClInclude Include="inc\dostream.h" />
    <ClInclude Include="inc\mesh.h" />
    <ClInclude Include="inc\render_texture2d.h" />
    <ClInclude Include="inc\render_texture_ex.h" />
    <ClInclude Include="inc\resource.h" />
    <ClInclude Include="inc\shader.h" />
    <ClInclude Include="inc\states.h" />
    <ClInclude Include="inc\texture.h" />
    <ClInclude Include="inc\timer.h" />
    <ClInclude Include="inc\app.h">
      <Filter>Header Files</Filter>
    </ClInclude>
    <ClInclude Include="inc\aux_cameras.h" />
    <ClInclude Include="inc\basic_input.h" />
    <ClInclude Include="inc\bo_file.h" />
    <ClInclude Include="inc\camera.h" />
    <ClInclude Include="inc\cmmn.h" />
    <ClInclude Include="inc\constant_buffer.h" />
    <ClInclude Include="inc\dds_loader.h" />
    <ClInclude Include="inc\device.h" />
    <ClInclude Include="inc\dostream.h" />
    <ClInclude Include="inc\mesh.h" />
    <ClInclude Include="inc\render_texture2d.h" />
    <ClInclude Include="inc\render_texture_ex.h" />
    <ClInclude Include="inc\resource.h" />
    <ClInclude Include="inc\shader.h" />
    <ClInclude Include="inc\states.h" />
    <ClInclude Include="inc\texture.h" />
    <ClInclude Include="inc\timer.h" />
    <ClInclude Include="inc\app.h">
      <Filter>Header Files</Filter>
    </ClInclude>
    <ClInclude Include="inc\aux_cameras.h" />
    <ClInclude Include="inc\basic_input.h" />
    <ClInclude Include="inc\bo_file.h" />
    <ClInclude Include="inc\camera.h" />
    <ClInclude Include="inc\cmmn.h" />
    <ClInclude Include="inc\constant_buffer.h" />
    <ClInclude Include="inc\dds_loader.h" />
    <ClInclude Include="inc\device.h" />
    <ClInclude Include="inc\dostream.h" />
    <ClInclude Include="inc\mesh.h" />
    <ClInclude Include="inc\render_texture2d.h" />
    <ClInclude Include="inc\render_texture_ex.h" />
    <ClInclude Include="inc\resource.h" />
    <ClInclude Include="inc\shader.h" />
    <ClInclude Include="inc\states.h" />
    <ClInclude Include="inc\texture.h" />
    <ClInclude Include="inc\timer.h" />
    <ClInclude Include="inc\app.h">
      <Filter>Header Files</Filter>
    </ClInclude>
    <ClInclude Include="inc\aux_cameras.h" />
    <ClInclude Include="inc\basic_input.h" />
    <ClInclude Include="inc\bo_file.h" />
    <ClInclude Include="inc\camera.h" />
    <ClInclude Include="inc\cmmn.h" />
    <ClInclude Include="inc\constant_buffer.h" />
    <ClInclude Include="inc\dds_loader.h" />
    <ClInclude Include="inc\device.h" />
    <ClInclude Include="inc\dostream.h" />
    <ClInclude Include="inc\mesh.h" />
    <ClInclude Include="inc\render_texture2d.h" />
    <ClInclude Include="inc\render_texture_ex.h" />
    <ClInclude Include="inc\resource.h" />
    <ClInclude Include="inc\shader.h" />
    <ClInclude Include="inc\states.h" />
    <ClInclude Include="inc\texture.h" />
    <ClInclude Include="inc\timer.h" />
    <ClInclude Include="inc\app.h">
      <Filter>Header Files</Filter>
    </ClInclude>
    <ClInclude Include="inc\aux_cameras.h" />
    <ClInclude Include="inc\basic_input.h" />
    <ClInclude Include="inc\bo_file.h" />
    <ClInclude Include="inc\camera.h" />
    <ClInclude Include="inc\cmmn.h" />
    <ClInclude Include="inc\constant_buffer.h" />
    <ClInclude Include="inc\dds_loader.h" />
    <ClInclude Include="inc\device.h" />
    <ClInclude Include="inc\dostream.h" />
    <ClInclude Include="inc\mesh.h" />
    <ClInclude Include="inc\render_texture2d.h" />
    <ClInclude Include="inc\render_texture_ex.h" />
    <ClInclude Include="inc\resource.h" />
    <ClInclude Include="inc\shader.h" />
    <ClInclude Include="inc\states.h" />
    <ClInclude Include="inc\texture.h" />
    <ClInclude Include="inc\timer.h" />
    <ClInclude Include="inc\app.h">
      <Filter>Header Files</Filter>
    </ClInclude>
    <ClInclude Include="inc\aux_cameras.h" />
    <ClInclude Include="inc\basic_input.h" />
    <ClInclude Include="inc\bo_file.h" />
    <ClInclude Include="inc\camera.h" />
    <ClInclude Include="inc\cmmn.h" />
    <ClInclude Include="inc\constant_buffer.h" />
    <ClInclude Include="inc\dds_loader.h" />
    <ClInclude Include="inc\device.h" />
    <ClInclude Include="inc\dostream.h" />
    <ClInclude Include="inc\mesh.h" />
    <ClInclude Include="inc\render_texture2d.h" />
    <ClInclude Include="inc\render_texture_ex.h" />
    <ClInclude Include="inc\resource.h" />
    <ClInclude Include="inc\shader.h" />
    <ClInclude Include="inc\states.h" />
    <ClInclude Include="inc\texture.h" />
    <ClInclude Include="inc\timer.h" />
    <ClInclude Include="inc\app.h">
      <Filter>Header Files</Filter>
    </ClInclude>
    <ClInclude Include="inc\aux_cameras.h" />
    <ClInclude Include="inc\basic_input.h" />
    <ClInclude Include="inc\bo_file.h" />
    <ClInclude Include="inc\camera.h" />
    <ClInclude Include="inc\cmmn.h" />
    <ClInclude Include="inc\constant_buffer.h" />
    <ClInclude Include="inc\dds_loader.h" />
    <ClInclude Include="inc\device.h" />
    <ClInclude Include="inc\dostream.h" />
    <ClInclude Include="inc\mesh.h" />
    <ClInclude Include="inc\render_texture2d.h" />
    <ClInclude Include="inc\render_texture_ex.h" />
    <ClInclude Include="inc\resource.h" />
    <ClInclude Include="inc\shader.h" />
    <ClInclude Include="inc\states.h" />
    <ClInclude Include="inc\texture.h" />
    <ClInclude Include="inc\timer.h" />
    <ClInclude Include="inc\app.h">
      <Filter>Header Files</Filter>
    </ClInclude>
    <ClInclude Include="inc\aux_cameras.h" />
    <ClInclude Include="inc\basic_input.h" />
    <ClInclude Include="inc\bo_file.h" />
    <ClInclude Include="inc\camera.h" />
    <ClInclude Include="inc\cmmn.h" />
    <ClInclude Include="inc\constant_buffer.h" />
    <ClInclude Include="inc\dds_loader.h" />
    <ClInclude Include="inc\device.h" />
    <ClInclude Include="inc\dostream.h" />
    <ClInclude Include="inc\mesh.h" />
    <ClInclude Include="inc\render_texture2d.h" />
    <ClInclude Include="inc\render_texture_ex.h" />
    <ClInclude Include="inc\resource.h" />
    <ClInclude Include="inc\shader.h" />
    <ClInclude Include="inc\states.h" />
    <ClInclude Include="inc\texture.h" />
    <ClInclude Include="inc\timer.h" />
    <ClInclude Include="inc\app.h">
      <Filter>Header Files</Filter>
    </ClInclude>
    <ClInclude Include="inc\aux_cameras.h" />
    <ClInclude Include="inc\basic_input.h" />
    <ClInclude Include="inc\bo_file.h" />
    <ClInclude Include="inc\camera.h" />
    <ClInclude Include="inc\cmmn.h" />
    <ClInclude Include="inc\constant_buffer.h" />
    <ClInclude Include="inc\dds_loader.h" />
    <ClInclude Include="inc\device.h" />
    <ClInclude Include="inc\dostream.h" />
    <ClInclude Include="inc\mesh.h" />
    <ClInclude Include="inc\render_texture2d.h" />
    <ClInclude Include="inc\render_texture_ex.h" />
    <ClInclude Include="inc\resource.h" />
    <ClInclude Include="inc\shader.h" />
    <ClInclude Include="inc\states.h" />
    <ClInclude Include="inc\texture.h" />
    <ClInclude Include="inc\timer.h" />
    <ClInclude Include="inc\aux_cameras.h" />
    <ClInclude Include="inc\basic_input.h" />
    <ClInclude Include="inc\bo_file.h" />
    <ClInclude Include="inc\camera.h" />
    <ClInclude Include="inc\cmmn.h" />
    <ClInclude Include="inc\constant_buffer.h" />
    <ClInclude Include="inc\dds_loader.h" />
    <ClInclude Include="inc\device.h" />
    <ClInclude Include="inc\dostream.h" />
    <ClInclude Include="inc\mesh.h" />
    <ClInclude Include="inc\render_texture2d.h" />
    <ClInclude Include="inc\render_texture_ex.h" />
    <ClInclude Include="inc\resource.h" />
    <ClInclude Include="inc\shader.h" />
    <ClInclude Include="inc\states.h" />
    <ClInclude Include="inc\texture.h" />
    <ClInclude Include="inc\timer.h" />
    <ClInclude Include="inc\app.h">
      <Filter>Header Files</Filter>
    </ClInclude>
    <ClInclude Include="inc\aux_cameras.h" />
    <ClInclude Include="inc\basic_input.h" />
    <ClInclude Include="inc\bo_file.h" />
    <ClInclude Include="inc\camera.h" />
    <ClInclude Include="inc\cmmn.h" />
    <ClInclude Include="inc\constant_buffer.h" />
    <ClInclude Include="inc\dds_loader.h" />
    <ClInclude Include="inc\device.h" />
    <ClInclude Include="inc\dostream.h" />
    <ClInclude Include="inc\mesh.h" />
    <ClInclude Include="inc\render_texture2d.h" />
    <ClInclude Include="inc\render_texture_ex.h" />
    <ClInclude Include="inc\resource.h" />
    <ClInclude Include="inc\shader.h" />
    <ClInclude Include="inc\states.h" />
    <ClInclude Include="inc\texture.h" />
    <ClInclude Include="inc\timer.h" />
    <ClInclude Include="inc\app.h">
      <Filter>Header Files</Filter>
    </ClInclude>
    <ClInclude Include="inc\aux_cameras.h" />
    <ClInclude Include="inc\basic_input.h" />
    <ClInclude Include="inc\bo_file.h" />
    <ClInclude Include="inc\camera.h" />
    <ClInclude Include="inc\cmmn.h" />
    <ClInclude Include="inc\constant_buffer.h" />
    <ClInclude Include="inc\dds_loader.h" />
    <ClInclude Include="inc\device.h" />
    <ClInclude Include="inc\dostream.h" />
    <ClInclude Include="inc\mesh.h" />
    <ClInclude Include="inc\render_texture2d.h" />
    <ClInclude Include="inc\render_texture_ex.h" />
    <ClInclude Include="inc\resource.h" />
    <ClInclude Include="inc\shader.h" />
    <ClInclude Include="inc\states.h" />
    <ClInclude Include="inc\texture.h" />
    <ClInclude Include="inc\timer.h" />
    <ClInclude Include="inc\app.h">
      <Filter>Header Files</Filter>
    </ClInclude>
    <ClInclude Include="inc\aux_cameras.h" />
    <ClInclude Include="inc\basic_input.h" />
    <ClInclude Include="inc\bo_file.h" />
    <ClInclude Include="inc\camera.h" />
    <ClInclude Include="inc\cmmn.h" />
    <ClInclude Include="inc\constant_buffer.h" />
    <ClInclude Include="inc\dds_loader.h" />
    <ClInclude Include="inc\device.h" />
    <ClInclude Include="inc\dostream.h" />
    <ClInclude Include="inc\mesh.h" />
    <ClInclude Include="inc\render_texture2d.h" />
    <ClInclude Include="inc\render_texture_ex.h" />
    <ClInclude Include="inc\resource.h" />
    <ClInclude Include="inc\shader.h" />
    <ClInclude Include="inc\states.h" />
    <ClInclude Include="inc\texture.h" />
    <ClInclude Include="inc\timer.h" />
    <ClInclude Include="inc\app.h">
      <Filter>Header Files</Filter>
    </ClInclude>
    <ClInclude Include="inc\aux_cameras.h" />
    <ClInclude Include="inc\basic_input.h" />
    <ClInclude Include="inc\bo_file.h" />
    <ClInclude Include="inc\camera.h" />
    <ClInclude Include="inc\cmmn.h" />
    <ClInclude Include="inc\constant_buffer.h" />
    <ClInclude Include="inc\dds_loader.h" />
    <ClInclude Include="inc\device.h" />
    <ClInclude Include="inc\dostream.h" />
    <ClInclude Include="inc\mesh.h" />
    <ClInclude Include="inc\render_texture2d.h" />
    <ClInclude Include="inc\render_texture_ex.h" />
    <ClInclude Include="inc\resource.h" />
    <ClInclude Include="inc\shader.h" />
    <ClInclude Include="inc\states.h" />
    <ClInclude Include="inc\texture.h" />
    <ClInclude Include="inc\timer.h" />
    <ClInclude Include="inc\app.h">
      <Filter>Header Files</Filter>
    </ClInclude>
    <ClInclude Include="inc\aux_cameras.h" />
    <ClInclude Include="inc\basic_input.h" />
    <ClInclude Include="inc\bo_file.h" />
    <ClInclude Include="inc\camera.h" />
    <ClInclude Include="inc\cmmn.h" />
    <ClInclude Include="inc\constant_buffer.h" />
    <ClInclude Include="inc\dds_loader.h" />
    <ClInclude Include="inc\device.h" />
    <ClInclude Include="inc\dostream.h" />
    <ClInclude Include="inc\mesh.h" />
    <ClInclude Include="inc\render_texture2d.h" />
    <ClInclude Include="inc\render_texture_ex.h" />
    <ClInclude Include="inc\resource.h" />
    <ClInclude Include="inc\shader.h" />
    <ClInclude Include="inc\states.h" />
    <ClInclude Include="inc\texture.h" />
    <ClInclude Include="inc\timer.h" />
    <ClInclude Include="inc\app.h">
      <Filter>Header Files</Filter>
    </ClInclude>
    <ClInclude Include="inc\aux_cameras.h" />
    <ClInclude Include="inc\basic_input.h" />
    <ClInclude Include="inc\bo_file.h" />
    <ClInclude Include="inc\camera.h" />
    <ClInclude Include="inc\cmmn.h" />
    <ClInclude Include="inc\constant_buffer.h" />
    <ClInclude Include="inc\dds_loader.h" />
    <ClInclude Include="inc\device.h" />
    <ClInclude Include="inc\dostream.h" />
    <ClInclude Include="inc\mesh.h" />
    <ClInclude Include="inc\render_texture2d.h" />
    <ClInclude Include="inc\render_texture_ex.h" />
    <ClInclude Include="inc\resource.h" />
    <ClInclude Include="inc\shader.h" />
    <ClInclude Include="inc\states.h" />
    <ClInclude Include="inc\texture.h" />
    <ClInclude Include="inc\timer.h" />
    <ClInclude Include="inc\render_target.h">
      <Filter>Header Files</Filter>
    </ClInclude>
  </ItemGroup>
  <ItemGroup>
    <ClCompile Include="src\app.cpp">
      <Filter>Source Files</Filter>
    </ClCompile>
    <ClCompile Include="src\aux_cameras.cpp" />
    <ClCompile Include="src\basic_input.cpp" />
    <ClCompile Include="src\camera.cpp" />
    <ClCompile Include="src\cmmn.cpp" />
    <ClCompile Include="src\device.cpp" />
    <ClCompile Include="src\mesh.cpp" />
    <ClCompile Include="src\render_texture2d.cpp" />
    <ClCompile Include="src\resource.cpp" />
    <ClCompile Include="src\shader.cpp" />
    <ClCompile Include="src\states.cpp" />
    <ClCompile Include="src\texture.cpp" />
    <ClCompile Include="src\app.cpp">
      <Filter>Source Files</Filter>
    </ClCompile>
    <ClCompile Include="src\aux_cameras.cpp" />
    <ClCompile Include="src\basic_input.cpp" />
    <ClCompile Include="src\camera.cpp" />
    <ClCompile Include="src\cmmn.cpp" />
    <ClCompile Include="src\device.cpp" />
    <ClCompile Include="src\mesh.cpp" />
    <ClCompile Include="src\render_texture2d.cpp" />
    <ClCompile Include="src\resource.cpp" />
    <ClCompile Include="src\shader.cpp" />
    <ClCompile Include="src\states.cpp" />
    <ClCompile Include="src\texture.cpp" />
    <ClCompile Include="src\app.cpp">
      <Filter>Source Files</Filter>
    </ClCompile>
    <ClCompile Include="src\aux_cameras.cpp" />
    <ClCompile Include="src\basic_input.cpp" />
    <ClCompile Include="src\camera.cpp" />
    <ClCompile Include="src\cmmn.cpp" />
    <ClCompile Include="src\device.cpp" />
    <ClCompile Include="src\mesh.cpp" />
    <ClCompile Include="src\render_texture2d.cpp" />
    <ClCompile Include="src\resource.cpp" />
    <ClCompile Include="src\shader.cpp" />
    <ClCompile Include="src\states.cpp" />
    <ClCompile Include="src\texture.cpp" />
    <ClCompile Include="src\app.cpp">
      <Filter>Source Files</Filter>
    </ClCompile>
    <ClCompile Include="src\aux_cameras.cpp" />
    <ClCompile Include="src\basic_input.cpp" />
    <ClCompile Include="src\camera.cpp" />
    <ClCompile Include="src\cmmn.cpp" />
    <ClCompile Include="src\device.cpp" />
    <ClCompile Include="src\mesh.cpp" />
    <ClCompile Include="src\render_texture2d.cpp" />
    <ClCompile Include="src\resource.cpp" />
    <ClCompile Include="src\shader.cpp" />
    <ClCompile Include="src\states.cpp" />
    <ClCompile Include="src\texture.cpp" />
    <ClCompile Include="src\app.cpp">
      <Filter>Source Files</Filter>
    </ClCompile>
    <ClCompile Include="src\aux_cameras.cpp" />
    <ClCompile Include="src\basic_input.cpp" />
    <ClCompile Include="src\camera.cpp" />
    <ClCompile Include="src\cmmn.cpp" />
    <ClCompile Include="src\device.cpp" />
    <ClCompile Include="src\mesh.cpp" />
    <ClCompile Include="src\render_texture2d.cpp" />
    <ClCompile Include="src\resource.cpp" />
    <ClCompile Include="src\shader.cpp" />
    <ClCompile Include="src\states.cpp" />
    <ClCompile Include="src\texture.cpp" />
    <ClCompile Include="src\app.cpp">
      <Filter>Source Files</Filter>
    </ClCompile>
    <ClCompile Include="src\aux_cameras.cpp" />
    <ClCompile Include="src\basic_input.cpp" />
    <ClCompile Include="src\camera.cpp" />
    <ClCompile Include="src\cmmn.cpp" />
    <ClCompile Include="src\device.cpp" />
    <ClCompile Include="src\mesh.cpp" />
    <ClCompile Include="src\render_texture2d.cpp" />
    <ClCompile Include="src\resource.cpp" />
    <ClCompile Include="src\shader.cpp" />
    <ClCompile Include="src\states.cpp" />
    <ClCompile Include="src\texture.cpp" />
    <ClCompile Include="src\app.cpp">
      <Filter>Source Files</Filter>
    </ClCompile>
    <ClCompile Include="src\aux_cameras.cpp" />
    <ClCompile Include="src\basic_input.cpp" />
    <ClCompile Include="src\camera.cpp" />
    <ClCompile Include="src\cmmn.cpp" />
    <ClCompile Include="src\device.cpp" />
    <ClCompile Include="src\mesh.cpp" />
    <ClCompile Include="src\render_texture2d.cpp" />
    <ClCompile Include="src\resource.cpp" />
    <ClCompile Include="src\shader.cpp" />
    <ClCompile Include="src\states.cpp" />
    <ClCompile Include="src\texture.cpp" />
    <ClCompile Include="src\app.cpp">
      <Filter>Source Files</Filter>
    </ClCompile>
    <ClCompile Include="src\aux_cameras.cpp" />
    <ClCompile Include="src\basic_input.cpp" />
    <ClCompile Include="src\camera.cpp" />
    <ClCompile Include="src\cmmn.cpp" />
    <ClCompile Include="src\device.cpp" />
    <ClCompile Include="src\mesh.cpp" />
    <ClCompile Include="src\render_texture2d.cpp" />
    <ClCompile Include="src\resource.cpp" />
    <ClCompile Include="src\shader.cpp" />
    <ClCompile Include="src\states.cpp" />
    <ClCompile Include="src\texture.cpp" />
    <ClCompile Include="src\app.cpp">
      <Filter>Source Files</Filter>
    </ClCompile>
    <ClCompile Include="src\aux_cameras.cpp" />
    <ClCompile Include="src\basic_input.cpp" />
    <ClCompile Include="src\camera.cpp" />
    <ClCompile Include="src\cmmn.cpp" />
    <ClCompile Include="src\device.cpp" />
    <ClCompile Include="src\mesh.cpp" />
    <ClCompile Include="src\render_texture2d.cpp" />
    <ClCompile Include="src\resource.cpp" />
    <ClCompile Include="src\shader.cpp" />
    <ClCompile Include="src\states.cpp" />
    <ClCompile Include="src\texture.cpp" />
    <ClCompile Include="src\app.cpp">
      <Filter>Source Files</Filter>
    </ClCompile>
    <ClCompile Include="src\aux_cameras.cpp" />
    <ClCompile Include="src\basic_input.cpp" />
    <ClCompile Include="src\camera.cpp" />
    <ClCompile Include="src\cmmn.cpp" />
    <ClCompile Include="src\device.cpp" />
    <ClCompile Include="src\mesh.cpp" />
    <ClCompile Include="src\render_texture2d.cpp" />
    <ClCompile Include="src\resource.cpp" />
    <ClCompile Include="src\shader.cpp" />
    <ClCompile Include="src\states.cpp" />
    <ClCompile Include="src\texture.cpp" />
    <ClCompile Include="src\app.cpp">
      <Filter>Source Files</Filter>
    </ClCompile>
    <ClCompile Include="src\aux_cameras.cpp" />
    <ClCompile Include="src\basic_input.cpp" />
    <ClCompile Include="src\camera.cpp" />
    <ClCompile Include="src\cmmn.cpp" />
    <ClCompile Include="src\device.cpp" />
    <ClCompile Include="src\mesh.cpp" />
    <ClCompile Include="src\render_texture2d.cpp" />
    <ClCompile Include="src\resource.cpp" />
    <ClCompile Include="src\shader.cpp" />
    <ClCompile Include="src\states.cpp" />
    <ClCompile Include="src\texture.cpp" />
    <ClCompile Include="src\app.cpp">
      <Filter>Source Files</Filter>
    </ClCompile>
    <ClCompile Include="src\aux_cameras.cpp" />
    <ClCompile Include="src\basic_input.cpp" />
    <ClCompile Include="src\camera.cpp" />
    <ClCompile Include="src\cmmn.cpp" />
    <ClCompile Include="src\device.cpp" />
    <ClCompile Include="src\mesh.cpp" />
    <ClCompile Include="src\render_texture2d.cpp" />
    <ClCompile Include="src\resource.cpp" />
    <ClCompile Include="src\shader.cpp" />
    <ClCompile Include="src\states.cpp" />
    <ClCompile Include="src\texture.cpp" />
    <ClCompile Include="src\app.cpp">
      <Filter>Source Files</Filter>
    </ClCompile>
    <ClCompile Include="src\aux_cameras.cpp" />
    <ClCompile Include="src\basic_input.cpp" />
    <ClCompile Include="src\camera.cpp" />
    <ClCompile Include="src\cmmn.cpp" />
    <ClCompile Include="src\device.cpp" />
    <ClCompile Include="src\mesh.cpp" />
    <ClCompile Include="src\render_texture2d.cpp" />
    <ClCompile Include="src\resource.cpp" />
    <ClCompile Include="src\shader.cpp" />
    <ClCompile Include="src\states.cpp" />
    <ClCompile Include="src\texture.cpp" />
    <ClCompile Include="src\app.cpp">
      <Filter>Source Files</Filter>
    </ClCompile>
    <ClCompile Include="src\aux_cameras.cpp" />
    <ClCompile Include="src\basic_input.cpp" />
    <ClCompile Include="src\camera.cpp" />
    <ClCompile Include="src\cmmn.cpp" />
    <ClCompile Include="src\device.cpp" />
    <ClCompile Include="src\mesh.cpp" />
    <ClCompile Include="src\render_texture2d.cpp" />
    <ClCompile Include="src\resource.cpp" />
    <ClCompile Include="src\shader.cpp" />
    <ClCompile Include="src\states.cpp" />
    <ClCompile Include="src\texture.cpp" />
    <ClCompile Include="src\app.cpp">
      <Filter>Source Files</Filter>
    </ClCompile>
    <ClCompile Include="src\aux_cameras.cpp" />
    <ClCompile Include="src\basic_input.cpp" />
    <ClCompile Include="src\camera.cpp" />
    <ClCompile Include="src\cmmn.cpp" />
    <ClCompile Include="src\device.cpp" />
    <ClCompile Include="src\mesh.cpp" />
    <ClCompile Include="src\render_texture2d.cpp" />
    <ClCompile Include="src\resource.cpp" />
    <ClCompile Include="src\shader.cpp" />
    <ClCompile Include="src\states.cpp" />
    <ClCompile Include="src\texture.cpp" />
    <ClCompile Include="src\app.cpp">
      <Filter>Source Files</Filter>
    </ClCompile>
    <ClCompile Include="src\aux_cameras.cpp" />
    <ClCompile Include="src\basic_input.cpp" />
    <ClCompile Include="src\camera.cpp" />
    <ClCompile Include="src\cmmn.cpp" />
    <ClCompile Include="src\device.cpp" />
    <ClCompile Include="src\mesh.cpp" />
    <ClCompile Include="src\render_texture2d.cpp" />
    <ClCompile Include="src\resource.cpp" />
    <ClCompile Include="src\shader.cpp" />
    <ClCompile Include="src\states.cpp" />
    <ClCompile Include="src\texture.cpp" />
    <ClCompile Include="src\app.cpp">
      <Filter>Source Files</Filter>
    </ClCompile>
    <ClCompile Include="src\aux_cameras.cpp" />
    <ClCompile Include="src\basic_input.cpp" />
    <ClCompile Include="src\camera.cpp" />
    <ClCompile Include="src\cmmn.cpp" />
    <ClCompile Include="src\device.cpp" />
    <ClCompile Include="src\mesh.cpp" />
    <ClCompile Include="src\render_texture2d.cpp" />
    <ClCompile Include="src\resource.cpp" />
    <ClCompile Include="src\shader.cpp" />
    <ClCompile Include="src\states.cpp" />
    <ClCompile Include="src\texture.cpp" />
    <ClCompile Include="src\app.cpp">
      <Filter>Source Files</Filter>
    </ClCompile>
    <ClCompile Include="src\aux_cameras.cpp" />
    <ClCompile Include="src\basic_input.cpp" />
    <ClCompile Include="src\camera.cpp" />
    <ClCompile Include="src\cmmn.cpp" />
    <ClCompile Include="src\device.cpp" />
    <ClCompile Include="src\mesh.cpp" />
    <ClCompile Include="src\render_texture2d.cpp" />
    <ClCompile Include="src\resource.cpp" />
    <ClCompile Include="src\shader.cpp" />
    <ClCompile Include="src\states.cpp" />
    <ClCompile Include="src\texture.cpp" />
    <ClCompile Include="src\app.cpp">
      <Filter>Source Files</Filter>
    </ClCompile>
    <ClCompile Include="src\aux_cameras.cpp" />
    <ClCompile Include="src\basic_input.cpp" />
    <ClCompile Include="src\camera.cpp" />
    <ClCompile Include="src\cmmn.cpp" />
    <ClCompile Include="src\device.cpp" />
    <ClCompile Include="src\mesh.cpp" />
    <ClCompile Include="src\render_texture2d.cpp" />
    <ClCompile Include="src\resource.cpp" />
    <ClCompile Include="src\shader.cpp" />
    <ClCompile Include="src\states.cpp" />
    <ClCompile Include="src\texture.cpp" />
    <ClCompile Include="src\app.cpp">
      <Filter>Source Files</Filter>
    </ClCompile>
    <ClCompile Include="src\aux_cameras.cpp" />
    <ClCompile Include="src\basic_input.cpp" />
    <ClCompile Include="src\camera.cpp" />
    <ClCompile Include="src\cmmn.cpp" />
    <ClCompile Include="src\device.cpp" />
    <ClCompile Include="src\mesh.cpp" />
    <ClCompile Include="src\render_texture2d.cpp" />
    <ClCompile Include="src\resource.cpp" />
    <ClCompile Include="src\shader.cpp" />
    <ClCompile Include="src\states.cpp" />
    <ClCompile Include="src\texture.cpp" />
    <ClCompile Include="src\app.cpp">
      <Filter>Source Files</Filter>
    </ClCompile>
    <ClCompile Include="src\aux_cameras.cpp" />
    <ClCompile Include="src\basic_input.cpp" />
    <ClCompile Include="src\camera.cpp" />
    <ClCompile Include="src\cmmn.cpp" />
    <ClCompile Include="src\device.cpp" />
    <ClCompile Include="src\mesh.cpp" />
    <ClCompile Include="src\render_texture2d.cpp" />
    <ClCompile Include="src\resource.cpp" />
    <ClCompile Include="src\shader.cpp" />
    <ClCompile Include="src\states.cpp" />
    <ClCompile Include="src\texture.cpp" />
    <ClCompile Include="src\app.cpp">
      <Filter>Source Files</Filter>
    </ClCompile>
    <ClCompile Include="src\aux_cameras.cpp" />
    <ClCompile Include="src\basic_input.cpp" />
    <ClCompile Include="src\camera.cpp" />
    <ClCompile Include="src\cmmn.cpp" />
    <ClCompile Include="src\device.cpp" />
    <ClCompile Include="src\mesh.cpp" />
    <ClCompile Include="src\render_texture2d.cpp" />
    <ClCompile Include="src\resource.cpp" />
    <ClCompile Include="src\shader.cpp" />
    <ClCompile Include="src\states.cpp" />
    <ClCompile Include="src\texture.cpp" />
    <ClCompile Include="src\app.cpp">
      <Filter>Source Files</Filter>
    </ClCompile>
    <ClCompile Include="src\aux_cameras.cpp" />
    <ClCompile Include="src\basic_input.cpp" />
    <ClCompile Include="src\camera.cpp" />
    <ClCompile Include="src\cmmn.cpp" />
    <ClCompile Include="src\device.cpp" />
    <ClCompile Include="src\mesh.cpp" />
    <ClCompile Include="src\render_texture2d.cpp" />
    <ClCompile Include="src\resource.cpp" />
    <ClCompile Include="src\shader.cpp" />
    <ClCompile Include="src\states.cpp" />
    <ClCompile Include="src\texture.cpp" />
    <ClCompile Include="src\app.cpp">
      <Filter>Source Files</Filter>
    </ClCompile>
    <ClCompile Include="src\aux_cameras.cpp" />
    <ClCompile Include="src\basic_input.cpp" />
    <ClCompile Include="src\camera.cpp" />
    <ClCompile Include="src\cmmn.cpp" />
    <ClCompile Include="src\device.cpp" />
    <ClCompile Include="src\mesh.cpp" />
    <ClCompile Include="src\render_texture2d.cpp" />
    <ClCompile Include="src\resource.cpp" />
    <ClCompile Include="src\shader.cpp" />
    <ClCompile Include="src\states.cpp" />
    <ClCompile Include="src\texture.cpp" />
    <ClCompile Include="src\app.cpp">
      <Filter>Source Files</Filter>
    </ClCompile>
    <ClCompile Include="src\aux_cameras.cpp" />
    <ClCompile Include="src\basic_input.cpp" />
    <ClCompile Include="src\camera.cpp" />
    <ClCompile Include="src\cmmn.cpp" />
    <ClCompile Include="src\device.cpp" />
    <ClCompile Include="src\mesh.cpp" />
    <ClCompile Include="src\render_texture2d.cpp" />
    <ClCompile Include="src\resource.cpp" />
    <ClCompile Include="src\shader.cpp" />
    <ClCompile Include="src\states.cpp" />
    <ClCompile Include="src\texture.cpp" />
    <ClCompile Include="src\app.cpp">
      <Filter>Source Files</Filter>
    </ClCompile>
    <ClCompile Include="src\aux_cameras.cpp" />
    <ClCompile Include="src\basic_input.cpp" />
    <ClCompile Include="src\camera.cpp" />
    <ClCompile Include="src\cmmn.cpp" />
    <ClCompile Include="src\device.cpp" />
    <ClCompile Include="src\mesh.cpp" />
    <ClCompile Include="src\render_texture2d.cpp" />
    <ClCompile Include="src\resource.cpp" />
    <ClCompile Include="src\shader.cpp" />
    <ClCompile Include="src\states.cpp" />
    <ClCompile Include="src\texture.cpp" />
    <ClCompile Include="src\app.cpp">
      <Filter>Source Files</Filter>
    </ClCompile>
    <ClCompile Include="src\aux_cameras.cpp" />
    <ClCompile Include="src\basic_input.cpp" />
    <ClCompile Include="src\camera.cpp" />
    <ClCompile Include="src\cmmn.cpp" />
    <ClCompile Include="src\device.cpp" />
    <ClCompile Include="src\mesh.cpp" />
    <ClCompile Include="src\render_texture2d.cpp" />
    <ClCompile Include="src\resource.cpp" />
    <ClCompile Include="src\shader.cpp" />
    <ClCompile Include="src\states.cpp" />
    <ClCompile Include="src\texture.cpp" />
    <ClCompile Include="src\app.cpp">
      <Filter>Source Files</Filter>
    </ClCompile>
    <ClCompile Include="src\aux_cameras.cpp" />
    <ClCompile Include="src\basic_input.cpp" />
    <ClCompile Include="src\camera.cpp" />
    <ClCompile Include="src\cmmn.cpp" />
    <ClCompile Include="src\device.cpp" />
    <ClCompile Include="src\mesh.cpp" />
    <ClCompile Include="src\render_texture2d.cpp" />
    <ClCompile Include="src\resource.cpp" />
    <ClCompile Include="src\shader.cpp" />
    <ClCompile Include="src\states.cpp" />
    <ClCompile Include="src\texture.cpp" />
    <ClCompile Include="src\app.cpp">
      <Filter>Source Files</Filter>
    </ClCompile>
    <ClCompile Include="src\aux_cameras.cpp" />
    <ClCompile Include="src\basic_input.cpp" />
    <ClCompile Include="src\camera.cpp" />
    <ClCompile Include="src\cmmn.cpp" />
    <ClCompile Include="src\device.cpp" />
    <ClCompile Include="src\mesh.cpp" />
    <ClCompile Include="src\render_texture2d.cpp" />
    <ClCompile Include="src\resource.cpp" />
    <ClCompile Include="src\shader.cpp" />
    <ClCompile Include="src\states.cpp" />
    <ClCompile Include="src\texture.cpp" />
    <ClCompile Include="src\app.cpp">
      <Filter>Source Files</Filter>
    </ClCompile>
    <ClCompile Include="src\aux_cameras.cpp" />
    <ClCompile Include="src\basic_input.cpp" />
    <ClCompile Include="src\camera.cpp" />
    <ClCompile Include="src\cmmn.cpp" />
    <ClCompile Include="src\device.cpp" />
    <ClCompile Include="src\mesh.cpp" />
    <ClCompile Include="src\render_texture2d.cpp" />
    <ClCompile Include="src\resource.cpp" />
    <ClCompile Include="src\shader.cpp" />
    <ClCompile Include="src\states.cpp" />
    <ClCompile Include="src\texture.cpp" />
    <ClCompile Include="src\app.cpp">
      <Filter>Source Files</Filter>
    </ClCompile>
    <ClCompile Include="src\aux_cameras.cpp" />
    <ClCompile Include="src\basic_input.cpp" />
    <ClCompile Include="src\camera.cpp" />
    <ClCompile Include="src\cmmn.cpp" />
    <ClCompile Include="src\device.cpp" />
    <ClCompile Include="src\mesh.cpp" />
    <ClCompile Include="src\render_texture2d.cpp" />
    <ClCompile Include="src\resource.cpp" />
    <ClCompile Include="src\shader.cpp" />
    <ClCompile Include="src\states.cpp" />
    <ClCompile Include="src\texture.cpp" />
    <ClCompile Include="src\app.cpp">
      <Filter>Source Files</Filter>
    </ClCompile>
    <ClCompile Include="src\aux_cameras.cpp" />
    <ClCompile Include="src\basic_input.cpp" />
    <ClCompile Include="src\camera.cpp" />
    <ClCompile Include="src\cmmn.cpp" />
    <ClCompile Include="src\device.cpp" />
    <ClCompile Include="src\mesh.cpp" />
    <ClCompile Include="src\render_texture2d.cpp" />
    <ClCompile Include="src\resource.cpp" />
    <ClCompile Include="src\shader.cpp" />
    <ClCompile Include="src\states.cpp" />
    <ClCompile Include="src\texture.cpp" />
    <ClCompile Include="src\app.cpp">
      <Filter>Source Files</Filter>
    </ClCompile>
    <ClCompile Include="src\aux_cameras.cpp" />
    <ClCompile Include="src\basic_input.cpp" />
    <ClCompile Include="src\camera.cpp" />
    <ClCompile Include="src\cmmn.cpp" />
    <ClCompile Include="src\device.cpp" />
    <ClCompile Include="src\mesh.cpp" />
    <ClCompile Include="src\render_texture2d.cpp" />
    <ClCompile Include="src\resource.cpp" />
    <ClCompile Include="src\shader.cpp" />
    <ClCompile Include="src\states.cpp" />
    <ClCompile Include="src\texture.cpp" />
    <ClCompile Include="src\app.cpp">
      <Filter>Source Files</Filter>
    </ClCompile>
    <ClCompile Include="src\aux_cameras.cpp" />
    <ClCompile Include="src\basic_input.cpp" />
    <ClCompile Include="src\camera.cpp" />
    <ClCompile Include="src\cmmn.cpp" />
    <ClCompile Include="src\device.cpp" />
    <ClCompile Include="src\mesh.cpp" />
    <ClCompile Include="src\render_target_ex.cpp" />
    <ClCompile Include="src\render_texture2d.cpp" />
    <ClCompile Include="src\resource.cpp" />
    <ClCompile Include="src\shader.cpp" />
    <ClCompile Include="src\states.cpp" />
    <ClCompile Include="src\texture.cpp" />
    <ClCompile Include="src\app.cpp">
      <Filter>Source Files</Filter>
    </ClCompile>
    <ClCompile Include="src\aux_cameras.cpp" />
    <ClCompile Include="src\basic_input.cpp" />
    <ClCompile Include="src\camera.cpp" />
    <ClCompile Include="src\cmmn.cpp" />
    <ClCompile Include="src\device.cpp" />
    <ClCompile Include="src\mesh.cpp" />
    <ClCompile Include="src\render_target_ex.cpp" />
    <ClCompile Include="src\render_texture2d.cpp" />
    <ClCompile Include="src\resource.cpp" />
    <ClCompile Include="src\shader.cpp" />
    <ClCompile Include="src\states.cpp" />
    <ClCompile Include="src\texture.cpp" />
    <ClCompile Include="src\app.cpp">
      <Filter>Source Files</Filter>
    </ClCompile>
    <ClCompile Include="src\aux_cameras.cpp" />
    <ClCompile Include="src\basic_input.cpp" />
    <ClCompile Include="src\camera.cpp" />
    <ClCompile Include="src\cmmn.cpp" />
    <ClCompile Include="src\device.cpp" />
    <ClCompile Include="src\mesh.cpp" />
    <ClCompile Include="src\render_target_ex.cpp" />
    <ClCompile Include="src\render_texture2d.cpp" />
    <ClCompile Include="src\resource.cpp" />
    <ClCompile Include="src\shader.cpp" />
    <ClCompile Include="src\states.cpp" />
    <ClCompile Include="src\texture.cpp" />
    <ClCompile Include="src\app.cpp">
      <Filter>Source Files</Filter>
    </ClCompile>
    <ClCompile Include="src\aux_cameras.cpp" />
    <ClCompile Include="src\basic_input.cpp" />
    <ClCompile Include="src\camera.cpp" />
    <ClCompile Include="src\cmmn.cpp" />
    <ClCompile Include="src\device.cpp" />
    <ClCompile Include="src\mesh.cpp" />
    <ClCompile Include="src\render_target_ex.cpp" />
    <ClCompile Include="src\render_texture2d.cpp" />
    <ClCompile Include="src\resource.cpp" />
    <ClCompile Include="src\shader.cpp" />
    <ClCompile Include="src\states.cpp" />
    <ClCompile Include="src\texture.cpp" />
    <ClCompile Include="src\app.cpp">
      <Filter>Source Files</Filter>
    </ClCompile>
    <ClCompile Include="src\aux_cameras.cpp" />
    <ClCompile Include="src\basic_input.cpp" />
    <ClCompile Include="src\camera.cpp" />
    <ClCompile Include="src\cmmn.cpp" />
    <ClCompile Include="src\device.cpp" />
    <ClCompile Include="src\mesh.cpp" />
    <ClCompile Include="src\render_target_ex.cpp" />
    <ClCompile Include="src\render_texture2d.cpp" />
    <ClCompile Include="src\resource.cpp" />
    <ClCompile Include="src\shader.cpp" />
    <ClCompile Include="src\states.cpp" />
    <ClCompile Include="src\texture.cpp" />
    <ClCompile Include="src\app.cpp">
      <Filter>Source Files</Filter>
    </ClCompile>
    <ClCompile Include="src\aux_cameras.cpp" />
    <ClCompile Include="src\basic_input.cpp" />
    <ClCompile Include="src\camera.cpp" />
    <ClCompile Include="src\cmmn.cpp" />
    <ClCompile Include="src\device.cpp" />
    <ClCompile Include="src\mesh.cpp" />
    <ClCompile Include="src\render_target_ex.cpp" />
    <ClCompile Include="src\render_texture2d.cpp" />
    <ClCompile Include="src\resource.cpp" />
    <ClCompile Include="src\shader.cpp" />
    <ClCompile Include="src\states.cpp" />
    <ClCompile Include="src\texture.cpp" />
    <ClCompile Include="src\app.cpp">
      <Filter>Source Files</Filter>
    </ClCompile>
    <ClCompile Include="src\aux_cameras.cpp" />
    <ClCompile Include="src\basic_input.cpp" />
    <ClCompile Include="src\camera.cpp" />
    <ClCompile Include="src\cmmn.cpp" />
    <ClCompile Include="src\device.cpp" />
    <ClCompile Include="src\mesh.cpp" />
    <ClCompile Include="src\render_target_ex.cpp" />
    <ClCompile Include="src\render_texture2d.cpp" />
    <ClCompile Include="src\resource.cpp" />
    <ClCompile Include="src\shader.cpp" />
    <ClCompile Include="src\states.cpp" />
    <ClCompile Include="src\texture.cpp" />
    <ClCompile Include="src\aux_cameras.cpp" />
    <ClCompile Include="src\basic_input.cpp" />
    <ClCompile Include="src\camera.cpp" />
    <ClCompile Include="src\cmmn.cpp" />
    <ClCompile Include="src\device.cpp" />
    <ClCompile Include="src\mesh.cpp" />
    <ClCompile Include="src\render_target_ex.cpp" />
    <ClCompile Include="src\render_texture2d.cpp" />
    <ClCompile Include="src\resource.cpp" />
    <ClCompile Include="src\shader.cpp" />
    <ClCompile Include="src\states.cpp" />
    <ClCompile Include="src\texture.cpp" />
    <ClCompile Include="src\aux_cameras.cpp" />
    <ClCompile Include="src\basic_input.cpp" />
    <ClCompile Include="src\camera.cpp" />
    <ClCompile Include="src\cmmn.cpp" />
    <ClCompile Include="src\device.cpp" />
    <ClCompile Include="src\mesh.cpp" />
    <ClCompile Include="src\render_target_ex.cpp" />
    <ClCompile Include="src\render_texture2d.cpp" />
    <ClCompile Include="src\resource.cpp" />
    <ClCompile Include="src\shader.cpp" />
    <ClCompile Include="src\states.cpp" />
    <ClCompile Include="src\texture.cpp" />
    <ClCompile Include="src\app.cpp">
      <Filter>Source Files</Filter>
    </ClCompile>
    <ClCompile Include="src\aux_cameras.cpp" />
    <ClCompile Include="src\basic_input.cpp" />
    <ClCompile Include="src\camera.cpp" />
    <ClCompile Include="src\cmmn.cpp" />
    <ClCompile Include="src\device.cpp" />
    <ClCompile Include="src\mesh.cpp" />
    <ClCompile Include="src\render_target_ex.cpp" />
    <ClCompile Include="src\render_texture2d.cpp" />
    <ClCompile Include="src\resource.cpp" />
    <ClCompile Include="src\shader.cpp" />
    <ClCompile Include="src\states.cpp" />
    <ClCompile Include="src\texture.cpp" />
    <ClCompile Include="src\app.cpp">
      <Filter>Source Files</Filter>
    </ClCompile>
    <ClCompile Include="src\aux_cameras.cpp" />
    <ClCompile Include="src\basic_input.cpp" />
    <ClCompile Include="src\camera.cpp" />
    <ClCompile Include="src\cmmn.cpp" />
    <ClCompile Include="src\device.cpp" />
    <ClCompile Include="src\mesh.cpp" />
    <ClCompile Include="src\render_target_ex.cpp" />
    <ClCompile Include="src\render_texture2d.cpp" />
    <ClCompile Include="src\resource.cpp" />
    <ClCompile Include="src\shader.cpp" />
    <ClCompile Include="src\states.cpp" />
    <ClCompile Include="src\texture.cpp" />
    <ClCompile Include="src\app.cpp">
      <Filter>Source Files</Filter>
    </ClCompile>
    <ClCompile Include="src\aux_cameras.cpp" />
    <ClCompile Include="src\basic_input.cpp" />
    <ClCompile Include="src\camera.cpp" />
    <ClCompile Include="src\cmmn.cpp" />
    <ClCompile Include="src\device.cpp" />
    <ClCompile Include="src\mesh.cpp" />
    <ClCompile Include="src\render_target_ex.cpp" />
    <ClCompile Include="src\render_texture2d.cpp" />
    <ClCompile Include="src\resource.cpp" />
    <ClCompile Include="src\shader.cpp" />
    <ClCompile Include="src\states.cpp" />
    <ClCompile Include="src\texture.cpp" />
    <ClCompile Include="src\app.cpp">
      <Filter>Source Files</Filter>
    </ClCompile>
    <ClCompile Include="src\aux_cameras.cpp" />
    <ClCompile Include="src\basic_input.cpp" />
    <ClCompile Include="src\camera.cpp" />
    <ClCompile Include="src\cmmn.cpp" />
    <ClCompile Include="src\device.cpp" />
    <ClCompile Include="src\mesh.cpp" />
    <ClCompile Include="src\render_target_ex.cpp" />
    <ClCompile Include="src\render_texture2d.cpp" />
    <ClCompile Include="src\resource.cpp" />
    <ClCompile Include="src\shader.cpp" />
    <ClCompile Include="src\states.cpp" />
    <ClCompile Include="src\texture.cpp" />
    <ClCompile Include="src\render_texture_ex.cpp">
      <Filter>Source Files</Filter>
    </ClCompile>
    <ClCompile Include="src\render_target.cpp">
      <Filter>Source Files</Filter>
    </ClCompile>
  </ItemGroup>
  <ItemGroup>
    <Text Include="todo.txt" />
  </ItemGroup>
</Project>